// !$*UTF8*$!
{
	archiveVersion = 1;
	classes = {
	};
	objectVersion = 50;
	objects = {

/* Begin PBXBuildFile section */
		B411831E253369330002EA4A /* VActiveSet.swift in Sources */ = {isa = PBXBuildFile; fileRef = B411831D253369330002EA4A /* VActiveSet.swift */; };
		B411833025338FCE0002EA4A /* SActiveSet.strings in Resources */ = {isa = PBXBuildFile; fileRef = B411833225338FCE0002EA4A /* SActiveSet.strings */; };
		B4130FD22559899100E1E556 /* VCardTutorial.swift in Sources */ = {isa = PBXBuildFile; fileRef = B4130FD12559899100E1E556 /* VCardTutorial.swift */; };
		B413E85A25364B9600B741A2 /* VSettingsVersion.swift in Sources */ = {isa = PBXBuildFile; fileRef = B413E85925364B9600B741A2 /* VSettingsVersion.swift */; };
		B41BD36F2555DA1500F34F56 /* VMCard.swift in Sources */ = {isa = PBXBuildFile; fileRef = B41BD36E2555DA1500F34F56 /* VMCard.swift */; };
		B427A7FE253204950028D0C8 /* VSearchBar.swift in Sources */ = {isa = PBXBuildFile; fileRef = B427A7FD253204950028D0C8 /* VSearchBar.swift */; };
		B435B8D425339CFE00C2B0A7 /* VCard.swift in Sources */ = {isa = PBXBuildFile; fileRef = B435B8D325339CFE00C2B0A7 /* VCard.swift */; };
		B453462325323CC0005EC33D /* VSetList.swift in Sources */ = {isa = PBXBuildFile; fileRef = B453462225323CC0005EC33D /* VSetList.swift */; };
		B453462825323D3B005EC33D /* VSettings.swift in Sources */ = {isa = PBXBuildFile; fileRef = B453462725323D3B005EC33D /* VSettings.swift */; };
		B45642552551AA9B00B57AAA /* LaunchScreen.storyboard in Resources */ = {isa = PBXBuildFile; fileRef = B45642542551AA9B00B57AAA /* LaunchScreen.storyboard */; };
		B45C0D8825436038007279BC /* MCommon.swift in Sources */ = {isa = PBXBuildFile; fileRef = B45C0D8725436038007279BC /* MCommon.swift */; };
		B45C0D9225436DA4007279BC /* MCardSet.swift in Sources */ = {isa = PBXBuildFile; fileRef = B45C0D9125436DA4007279BC /* MCardSet.swift */; };
		B46FE9D8253630C7003D551D /* VSettingsButton.swift in Sources */ = {isa = PBXBuildFile; fileRef = B46FE9D7253630C7003D551D /* VSettingsButton.swift */; };
		B46FE9DE2536379E003D551D /* VSettingsCard.swift in Sources */ = {isa = PBXBuildFile; fileRef = B46FE9DD2536379E003D551D /* VSettingsCard.swift */; };
		B4750090254F6D8700ACD4C7 /* VSetPicker.swift in Sources */ = {isa = PBXBuildFile; fileRef = B475008F254F6D8700ACD4C7 /* VSetPicker.swift */; };
		B4750098254F7AAC00ACD4C7 /* VSettingsLicense.swift in Sources */ = {isa = PBXBuildFile; fileRef = B4750097254F7AAC00ACD4C7 /* VSettingsLicense.swift */; };
		B475009C254F7B9600ACD4C7 /* VLicenseZip.swift in Sources */ = {isa = PBXBuildFile; fileRef = B475009B254F7B9600ACD4C7 /* VLicenseZip.swift */; };
		B47500B225500E0200ACD4C7 /* Zip.framework in Frameworks */ = {isa = PBXBuildFile; fileRef = B47500AD254F833300ACD4C7 /* Zip.framework */; };
		B47500B325500E0200ACD4C7 /* Zip.framework in Embed Frameworks */ = {isa = PBXBuildFile; fileRef = B47500AD254F833300ACD4C7 /* Zip.framework */; settings = {ATTRIBUTES = (CodeSignOnCopy, RemoveHeadersOnCopy, ); }; };
		B47879412558B17100906791 /* MImport.swift in Sources */ = {isa = PBXBuildFile; fileRef = B47879402558B17100906791 /* MImport.swift */; };
		B47A2F97253125FD00920E42 /* SSettings.strings in Resources */ = {isa = PBXBuildFile; fileRef = B47A2F99253125FD00920E42 /* SSettings.strings */; };
		B47A5B88254CCA9B000C5F18 /* VMSettings.swift in Sources */ = {isa = PBXBuildFile; fileRef = B47A5B87254CCA9B000C5F18 /* VMSettings.swift */; };
		B47A5B91254CD3B0000C5F18 /* VSettingsSearch.swift in Sources */ = {isa = PBXBuildFile; fileRef = B47A5B90254CD3B0000C5F18 /* VSettingsSearch.swift */; };
		B47A5B96254CE9E6000C5F18 /* SLicense.strings in Resources */ = {isa = PBXBuildFile; fileRef = B47A5B95254CE9E6000C5F18 /* SLicense.strings */; };
		B47A5B99254CEACF000C5F18 /* VLicenseApp.swift in Sources */ = {isa = PBXBuildFile; fileRef = B47A5B98254CEACF000C5F18 /* VLicenseApp.swift */; };
		B47A5B9D254CF08A000C5F18 /* VSettingsAbout.swift in Sources */ = {isa = PBXBuildFile; fileRef = B47A5B9C254CF08A000C5F18 /* VSettingsAbout.swift */; };
		B47A5BA1254DBDC0000C5F18 /* MSettingsFile.swift in Sources */ = {isa = PBXBuildFile; fileRef = B47A5BA0254DBDC0000C5F18 /* MSettingsFile.swift */; };
		B47A5BA5254DCE01000C5F18 /* VMSetList.swift in Sources */ = {isa = PBXBuildFile; fileRef = B47A5BA4254DCE01000C5F18 /* VMSetList.swift */; };
		B499EFC02544C9B900B845AC /* MCard.swift in Sources */ = {isa = PBXBuildFile; fileRef = B499EFBF2544C9B900B845AC /* MCard.swift */; };
		B4A20FAF252FB955006B5C50 /* VHome.swift in Sources */ = {isa = PBXBuildFile; fileRef = B4A20FAE252FB955006B5C50 /* VHome.swift */; };
		B4A20FB8252FBB69006B5C50 /* SHome.strings in Resources */ = {isa = PBXBuildFile; fileRef = B4A20FBA252FBB69006B5C50 /* SHome.strings */; };
		B4AE983F25314A9700738C4C /* SSetList.strings in Resources */ = {isa = PBXBuildFile; fileRef = B4AE984125314A9700738C4C /* SSetList.strings */; };
		B4C5B4772530731900457A9E /* VSetInfo.swift in Sources */ = {isa = PBXBuildFile; fileRef = B4C5B4762530731900457A9E /* VSetInfo.swift */; };
		B4D92C53254B909E00C5F122 /* VSetCardsInfo.swift in Sources */ = {isa = PBXBuildFile; fileRef = B4D92C52254B909E00C5F122 /* VSetCardsInfo.swift */; };
		B4E0CE48252FB8DF00005927 /* featherStackApp.swift in Sources */ = {isa = PBXBuildFile; fileRef = B4E0CE47252FB8DF00005927 /* featherStackApp.swift */; };
		B4E0CE4C252FB8E200005927 /* Assets.xcassets in Resources */ = {isa = PBXBuildFile; fileRef = B4E0CE4B252FB8E200005927 /* Assets.xcassets */; };
		B4E0CE4F252FB8E200005927 /* Preview Assets.xcassets in Resources */ = {isa = PBXBuildFile; fileRef = B4E0CE4E252FB8E200005927 /* Preview Assets.xcassets */; };
		B4E19BF82540DDAD00D685B5 /* libc++.tbd in Frameworks */ = {isa = PBXBuildFile; fileRef = B4E19BF72540DDAD00D685B5 /* libc++.tbd */; };
		B4E63CCD25499EF800B53EAD /* VMActiveSet.swift in Sources */ = {isa = PBXBuildFile; fileRef = B4E63CCC25499EF800B53EAD /* VMActiveSet.swift */; };
		B4F285632540A6C900499F5C /* libfscore.a in Frameworks */ = {isa = PBXBuildFile; fileRef = B4F285622540A6C800499F5C /* libfscore.a */; };
		B4F2856B2540B07400499F5C /* MContext.swift in Sources */ = {isa = PBXBuildFile; fileRef = B4F2856A2540B07400499F5C /* MContext.swift */; };
/* End PBXBuildFile section */

/* Begin PBXCopyFilesBuildPhase section */
		B47500B425500E0200ACD4C7 /* Embed Frameworks */ = {
			isa = PBXCopyFilesBuildPhase;
			buildActionMask = 2147483647;
			dstPath = "";
			dstSubfolderSpec = 10;
			files = (
				B47500B325500E0200ACD4C7 /* Zip.framework in Embed Frameworks */,
			);
			name = "Embed Frameworks";
			runOnlyForDeploymentPostprocessing = 0;
		};
/* End PBXCopyFilesBuildPhase section */

/* Begin PBXFileReference section */
		B411831D253369330002EA4A /* VActiveSet.swift */ = {isa = PBXFileReference; lastKnownFileType = sourcecode.swift; path = VActiveSet.swift; sourceTree = "<group>"; };
		B411833125338FCE0002EA4A /* en */ = {isa = PBXFileReference; lastKnownFileType = text.plist.strings; name = en; path = en.lproj/SActiveSet.strings; sourceTree = "<group>"; };
		B411833425338FD10002EA4A /* de */ = {isa = PBXFileReference; lastKnownFileType = text.plist.strings; name = de; path = de.lproj/SActiveSet.strings; sourceTree = "<group>"; };
		B4130FD12559899100E1E556 /* VCardTutorial.swift */ = {isa = PBXFileReference; lastKnownFileType = sourcecode.swift; path = VCardTutorial.swift; sourceTree = "<group>"; };
		B413E85925364B9600B741A2 /* VSettingsVersion.swift */ = {isa = PBXFileReference; lastKnownFileType = sourcecode.swift; path = VSettingsVersion.swift; sourceTree = "<group>"; };
		B41BD36E2555DA1500F34F56 /* VMCard.swift */ = {isa = PBXFileReference; lastKnownFileType = sourcecode.swift; path = VMCard.swift; sourceTree = "<group>"; };
		B427A7FD253204950028D0C8 /* VSearchBar.swift */ = {isa = PBXFileReference; lastKnownFileType = sourcecode.swift; path = VSearchBar.swift; sourceTree = "<group>"; };
		B435B8D325339CFE00C2B0A7 /* VCard.swift */ = {isa = PBXFileReference; lastKnownFileType = sourcecode.swift; path = VCard.swift; sourceTree = "<group>"; };
		B453462225323CC0005EC33D /* VSetList.swift */ = {isa = PBXFileReference; lastKnownFileType = sourcecode.swift; path = VSetList.swift; sourceTree = "<group>"; };
		B453462725323D3B005EC33D /* VSettings.swift */ = {isa = PBXFileReference; lastKnownFileType = sourcecode.swift; path = VSettings.swift; sourceTree = "<group>"; };
		B45642542551AA9B00B57AAA /* LaunchScreen.storyboard */ = {isa = PBXFileReference; lastKnownFileType = file.storyboard; path = LaunchScreen.storyboard; sourceTree = "<group>"; };
		B45C0D8725436038007279BC /* MCommon.swift */ = {isa = PBXFileReference; lastKnownFileType = sourcecode.swift; path = MCommon.swift; sourceTree = "<group>"; };
		B45C0D9125436DA4007279BC /* MCardSet.swift */ = {isa = PBXFileReference; lastKnownFileType = sourcecode.swift; path = MCardSet.swift; sourceTree = "<group>"; };
		B46FE9D7253630C7003D551D /* VSettingsButton.swift */ = {isa = PBXFileReference; lastKnownFileType = sourcecode.swift; path = VSettingsButton.swift; sourceTree = "<group>"; };
		B46FE9DD2536379E003D551D /* VSettingsCard.swift */ = {isa = PBXFileReference; lastKnownFileType = sourcecode.swift; path = VSettingsCard.swift; sourceTree = "<group>"; };
		B4750088254F5EB300ACD4C7 /* featherStack.entitlements */ = {isa = PBXFileReference; lastKnownFileType = text.plist.entitlements; path = featherStack.entitlements; sourceTree = "<group>"; };
		B475008F254F6D8700ACD4C7 /* VSetPicker.swift */ = {isa = PBXFileReference; lastKnownFileType = sourcecode.swift; path = VSetPicker.swift; sourceTree = "<group>"; };
		B4750097254F7AAC00ACD4C7 /* VSettingsLicense.swift */ = {isa = PBXFileReference; lastKnownFileType = sourcecode.swift; path = VSettingsLicense.swift; sourceTree = "<group>"; };
		B475009B254F7B9600ACD4C7 /* VLicenseZip.swift */ = {isa = PBXFileReference; lastKnownFileType = sourcecode.swift; path = VLicenseZip.swift; sourceTree = "<group>"; };
		B47500AD254F833300ACD4C7 /* Zip.framework */ = {isa = PBXFileReference; lastKnownFileType = wrapper.framework; name = Zip.framework; path = frameworks/Zip.framework; sourceTree = "<group>"; };
		B47879402558B17100906791 /* MImport.swift */ = {isa = PBXFileReference; lastKnownFileType = sourcecode.swift; path = MImport.swift; sourceTree = "<group>"; };
		B47A2F98253125FD00920E42 /* en */ = {isa = PBXFileReference; lastKnownFileType = text.plist.strings; name = en; path = en.lproj/SSettings.strings; sourceTree = "<group>"; };
		B47A2F9A2531260200920E42 /* de */ = {isa = PBXFileReference; lastKnownFileType = text.plist.strings; name = de; path = de.lproj/SSettings.strings; sourceTree = "<group>"; };
		B47A5B87254CCA9B000C5F18 /* VMSettings.swift */ = {isa = PBXFileReference; lastKnownFileType = sourcecode.swift; path = VMSettings.swift; sourceTree = "<group>"; };
		B47A5B90254CD3B0000C5F18 /* VSettingsSearch.swift */ = {isa = PBXFileReference; lastKnownFileType = sourcecode.swift; path = VSettingsSearch.swift; sourceTree = "<group>"; };
		B47A5B95254CE9E6000C5F18 /* SLicense.strings */ = {isa = PBXFileReference; lastKnownFileType = text.plist.strings; path = SLicense.strings; sourceTree = "<group>"; };
		B47A5B98254CEACF000C5F18 /* VLicenseApp.swift */ = {isa = PBXFileReference; lastKnownFileType = sourcecode.swift; path = VLicenseApp.swift; sourceTree = "<group>"; };
		B47A5B9C254CF08A000C5F18 /* VSettingsAbout.swift */ = {isa = PBXFileReference; lastKnownFileType = sourcecode.swift; path = VSettingsAbout.swift; sourceTree = "<group>"; };
		B47A5BA0254DBDC0000C5F18 /* MSettingsFile.swift */ = {isa = PBXFileReference; lastKnownFileType = sourcecode.swift; path = MSettingsFile.swift; sourceTree = "<group>"; };
		B47A5BA4254DCE01000C5F18 /* VMSetList.swift */ = {isa = PBXFileReference; lastKnownFileType = sourcecode.swift; path = VMSetList.swift; sourceTree = "<group>"; };
		B499EFBF2544C9B900B845AC /* MCard.swift */ = {isa = PBXFileReference; lastKnownFileType = sourcecode.swift; path = MCard.swift; sourceTree = "<group>"; };
		B4A20FAE252FB955006B5C50 /* VHome.swift */ = {isa = PBXFileReference; lastKnownFileType = sourcecode.swift; path = VHome.swift; sourceTree = "<group>"; };
		B4A20FB9252FBB69006B5C50 /* en */ = {isa = PBXFileReference; lastKnownFileType = text.plist.strings; name = en; path = en.lproj/SHome.strings; sourceTree = "<group>"; };
		B4A20FBC252FBB6C006B5C50 /* de */ = {isa = PBXFileReference; lastKnownFileType = text.plist.strings; name = de; path = de.lproj/SHome.strings; sourceTree = "<group>"; };
		B4AE984025314A9700738C4C /* en */ = {isa = PBXFileReference; lastKnownFileType = text.plist.strings; name = en; path = en.lproj/SSetList.strings; sourceTree = "<group>"; };
		B4AE984325314A9C00738C4C /* de */ = {isa = PBXFileReference; lastKnownFileType = text.plist.strings; name = de; path = de.lproj/SSetList.strings; sourceTree = "<group>"; };
		B4C5B4762530731900457A9E /* VSetInfo.swift */ = {isa = PBXFileReference; lastKnownFileType = sourcecode.swift; path = VSetInfo.swift; sourceTree = "<group>"; };
		B4D92C52254B909E00C5F122 /* VSetCardsInfo.swift */ = {isa = PBXFileReference; lastKnownFileType = sourcecode.swift; path = VSetCardsInfo.swift; sourceTree = "<group>"; };
		B4E0CE44252FB8DF00005927 /* featherStack.app */ = {isa = PBXFileReference; explicitFileType = wrapper.application; includeInIndex = 0; path = featherStack.app; sourceTree = BUILT_PRODUCTS_DIR; };
		B4E0CE47252FB8DF00005927 /* featherStackApp.swift */ = {isa = PBXFileReference; lastKnownFileType = sourcecode.swift; path = featherStackApp.swift; sourceTree = "<group>"; };
		B4E0CE4B252FB8E200005927 /* Assets.xcassets */ = {isa = PBXFileReference; lastKnownFileType = folder.assetcatalog; path = Assets.xcassets; sourceTree = "<group>"; };
		B4E0CE4E252FB8E200005927 /* Preview Assets.xcassets */ = {isa = PBXFileReference; lastKnownFileType = folder.assetcatalog; path = "Preview Assets.xcassets"; sourceTree = "<group>"; };
		B4E0CE50252FB8E200005927 /* Info.plist */ = {isa = PBXFileReference; lastKnownFileType = text.plist.xml; path = Info.plist; sourceTree = "<group>"; };
		B4E19BF72540DDAD00D685B5 /* libc++.tbd */ = {isa = PBXFileReference; lastKnownFileType = "sourcecode.text-based-dylib-definition"; name = "libc++.tbd"; path = "usr/lib/libc++.tbd"; sourceTree = SDKROOT; };
		B4E63CCC25499EF800B53EAD /* VMActiveSet.swift */ = {isa = PBXFileReference; lastKnownFileType = sourcecode.swift; path = VMActiveSet.swift; sourceTree = "<group>"; };
		B4EC412E2543227100B0E081 /* FSC_Common.h */ = {isa = PBXFileReference; lastKnownFileType = sourcecode.c.h; path = FSC_Common.h; sourceTree = "<group>"; };
		B4F2855C2540A6C800499F5C /* FSC_CardSet.h */ = {isa = PBXFileReference; fileEncoding = 4; lastKnownFileType = sourcecode.c.h; path = FSC_CardSet.h; sourceTree = "<group>"; };
		B4F2855D2540A6C800499F5C /* FSC_Card.h */ = {isa = PBXFileReference; fileEncoding = 4; lastKnownFileType = sourcecode.c.h; path = FSC_Card.h; sourceTree = "<group>"; };
		B4F2855E2540A6C800499F5C /* FSC_Context.h */ = {isa = PBXFileReference; fileEncoding = 4; lastKnownFileType = sourcecode.c.h; path = FSC_Context.h; sourceTree = "<group>"; };
		B4F285602540A6C800499F5C /* FSC_Error.h */ = {isa = PBXFileReference; fileEncoding = 4; lastKnownFileType = sourcecode.c.h; path = FSC_Error.h; sourceTree = "<group>"; };
		B4F285622540A6C800499F5C /* libfscore.a */ = {isa = PBXFileReference; lastKnownFileType = archive.ar; path = libfscore.a; sourceTree = "<group>"; };
		B4F285642540A6E400499F5C /* featherStack-Bridging-Header.h */ = {isa = PBXFileReference; lastKnownFileType = sourcecode.c.h; path = "featherStack-Bridging-Header.h"; sourceTree = "<group>"; };
		B4F2856A2540B07400499F5C /* MContext.swift */ = {isa = PBXFileReference; lastKnownFileType = sourcecode.swift; path = MContext.swift; sourceTree = "<group>"; };
/* End PBXFileReference section */

/* Begin PBXFrameworksBuildPhase section */
		B4E0CE41252FB8DF00005927 /* Frameworks */ = {
			isa = PBXFrameworksBuildPhase;
			buildActionMask = 2147483647;
			files = (
				B4E19BF82540DDAD00D685B5 /* libc++.tbd in Frameworks */,
				B47500B225500E0200ACD4C7 /* Zip.framework in Frameworks */,
				B4F285632540A6C900499F5C /* libfscore.a in Frameworks */,
			);
			runOnlyForDeploymentPostprocessing = 0;
		};
/* End PBXFrameworksBuildPhase section */

/* Begin PBXGroup section */
		B454164F2531F21300618911 /* CardSet */ = {
			isa = PBXGroup;
			children = (
				B47492AF2543B45000CEFF43 /* ActiveSet */,
				B4EA98932537822D00410471 /* Add */,
				B4A20FAD252FB94A006B5C50 /* SetList */,
			);
			path = CardSet;
			sourceTree = "<group>";
		};
		B47492AF2543B45000CEFF43 /* ActiveSet */ = {
			isa = PBXGroup;
			children = (
				B4D92C52254B909E00C5F122 /* VSetCardsInfo.swift */,
				B4130FD12559899100E1E556 /* VCardTutorial.swift */,
				B435B8D325339CFE00C2B0A7 /* VCard.swift */,
				B411831D253369330002EA4A /* VActiveSet.swift */,
			);
			path = ActiveSet;
			sourceTree = "<group>";
		};
		B4750096254F7A9800ACD4C7 /* License */ = {
			isa = PBXGroup;
			children = (
				B47A5B98254CEACF000C5F18 /* VLicenseApp.swift */,
				B475009B254F7B9600ACD4C7 /* VLicenseZip.swift */,
			);
			path = License;
			sourceTree = "<group>";
		};
		B478793F2558B14400906791 /* Import */ = {
			isa = PBXGroup;
			children = (
				B47879402558B17100906791 /* MImport.swift */,
			);
			path = Import;
			sourceTree = "<group>";
		};
		B47A2F89253122A700920E42 /* Settings */ = {
			isa = PBXGroup;
			children = (
				B4750096254F7A9800ACD4C7 /* License */,
				B413E85925364B9600B741A2 /* VSettingsVersion.swift */,
				B46FE9D7253630C7003D551D /* VSettingsButton.swift */,
				B4750097254F7AAC00ACD4C7 /* VSettingsLicense.swift */,
				B47A5B9C254CF08A000C5F18 /* VSettingsAbout.swift */,
				B47A5B90254CD3B0000C5F18 /* VSettingsSearch.swift */,
				B46FE9DD2536379E003D551D /* VSettingsCard.swift */,
				B453462725323D3B005EC33D /* VSettings.swift */,
			);
			path = Settings;
			sourceTree = "<group>";
		};
		B47A5B86254CCA8C000C5F18 /* Settings */ = {
			isa = PBXGroup;
			children = (
				B47A5B87254CCA9B000C5F18 /* VMSettings.swift */,
			);
			path = Settings;
			sourceTree = "<group>";
		};
		B47A5B8B254CCAE6000C5F18 /* Settings */ = {
			isa = PBXGroup;
			children = (
				B47A5BA0254DBDC0000C5F18 /* MSettingsFile.swift */,
			);
			path = Settings;
			sourceTree = "<group>";
		};
		B47A5BA3254DCDDF000C5F18 /* SetList */ = {
			isa = PBXGroup;
			children = (
				B47A5BA4254DCE01000C5F18 /* VMSetList.swift */,
			);
			path = SetList;
			sourceTree = "<group>";
		};
		B499EFBC2544B7AE00B845AC /* CardSet */ = {
			isa = PBXGroup;
			children = (
				B478793F2558B14400906791 /* Import */,
				B4F2856A2540B07400499F5C /* MContext.swift */,
				B45C0D9125436DA4007279BC /* MCardSet.swift */,
				B499EFBF2544C9B900B845AC /* MCard.swift */,
			);
			path = CardSet;
			sourceTree = "<group>";
		};
		B4A20FAC252FB946006B5C50 /* View */ = {
			isa = PBXGroup;
			children = (
				B47A2F89253122A700920E42 /* Settings */,
				B454164F2531F21300618911 /* CardSet */,
				B4A20FAE252FB955006B5C50 /* VHome.swift */,
				B4E0CE47252FB8DF00005927 /* featherStackApp.swift */,
			);
			path = View;
			sourceTree = "<group>";
		};
		B4A20FAD252FB94A006B5C50 /* SetList */ = {
			isa = PBXGroup;
			children = (
				B427A7FD253204950028D0C8 /* VSearchBar.swift */,
				B4C5B4762530731900457A9E /* VSetInfo.swift */,
				B453462225323CC0005EC33D /* VSetList.swift */,
			);
			path = SetList;
			sourceTree = "<group>";
		};
		B4A20FB3252FBB17006B5C50 /* Locale */ = {
			isa = PBXGroup;
			children = (
				B47A2F99253125FD00920E42 /* SSettings.strings */,
				B411833225338FCE0002EA4A /* SActiveSet.strings */,
				B4AE984125314A9700738C4C /* SSetList.strings */,
				B4A20FBA252FBB69006B5C50 /* SHome.strings */,
				B47A5B95254CE9E6000C5F18 /* SLicense.strings */,
			);
			path = Locale;
			sourceTree = "<group>";
		};
		B4C5B4792530733D00457A9E /* Model */ = {
			isa = PBXGroup;
			children = (
				B45C0D8725436038007279BC /* MCommon.swift */,
				B47A5B8B254CCAE6000C5F18 /* Settings */,
				B499EFBC2544B7AE00B845AC /* CardSet */,
			);
			path = Model;
			sourceTree = "<group>";
		};
		B4E0CE3B252FB8DF00005927 = {
			isa = PBXGroup;
			children = (
				B4E0CE46252FB8DF00005927 /* featherStack */,
				B4F2855A2540A6C800499F5C /* include */,
				B4F285612540A6C800499F5C /* lib */,
				B4E0CE45252FB8DF00005927 /* Products */,
				B4E19BF62540DDAC00D685B5 /* Frameworks */,
			);
			sourceTree = "<group>";
		};
		B4E0CE45252FB8DF00005927 /* Products */ = {
			isa = PBXGroup;
			children = (
				B4E0CE44252FB8DF00005927 /* featherStack.app */,
			);
			name = Products;
			sourceTree = "<group>";
		};
		B4E0CE46252FB8DF00005927 /* featherStack */ = {
			isa = PBXGroup;
			children = (
				B4A20FB3252FBB17006B5C50 /* Locale */,
				B4C5B4792530733D00457A9E /* Model */,
				B4E63CC62549880500B53EAD /* ViewModel */,
				B4A20FAC252FB946006B5C50 /* View */,
				B4F285642540A6E400499F5C /* featherStack-Bridging-Header.h */,
				B45642542551AA9B00B57AAA /* LaunchScreen.storyboard */,
				B4750088254F5EB300ACD4C7 /* featherStack.entitlements */,
				B4E0CE50252FB8E200005927 /* Info.plist */,
				B4E0CE4B252FB8E200005927 /* Assets.xcassets */,
				B4E0CE4D252FB8E200005927 /* Preview Content */,
			);
			path = featherStack;
			sourceTree = "<group>";
		};
		B4E0CE4D252FB8E200005927 /* Preview Content */ = {
			isa = PBXGroup;
			children = (
				B4E0CE4E252FB8E200005927 /* Preview Assets.xcassets */,
			);
			path = "Preview Content";
			sourceTree = "<group>";
		};
		B4E19BF62540DDAC00D685B5 /* Frameworks */ = {
			isa = PBXGroup;
			children = (
				B47500AD254F833300ACD4C7 /* Zip.framework */,
				B4E19BF72540DDAD00D685B5 /* libc++.tbd */,
			);
			name = Frameworks;
			sourceTree = "<group>";
		};
		B4E63CC62549880500B53EAD /* ViewModel */ = {
			isa = PBXGroup;
			children = (
				B47A5B86254CCA8C000C5F18 /* Settings */,
				B4E63CC72549881100B53EAD /* CardSet */,
			);
			path = ViewModel;
			sourceTree = "<group>";
		};
		B4E63CC72549881100B53EAD /* CardSet */ = {
			isa = PBXGroup;
			children = (
				B4E63CC82549881700B53EAD /* ActiveSet */,
				B47A5BA3254DCDDF000C5F18 /* SetList */,
			);
			path = CardSet;
			sourceTree = "<group>";
		};
		B4E63CC82549881700B53EAD /* ActiveSet */ = {
			isa = PBXGroup;
			children = (
				B41BD36E2555DA1500F34F56 /* VMCard.swift */,
				B4E63CCC25499EF800B53EAD /* VMActiveSet.swift */,
			);
			path = ActiveSet;
			sourceTree = "<group>";
		};
		B4EA98932537822D00410471 /* Add */ = {
			isa = PBXGroup;
			children = (
				B475008F254F6D8700ACD4C7 /* VSetPicker.swift */,
			);
			path = Add;
			sourceTree = "<group>";
		};
		B4F2855A2540A6C800499F5C /* include */ = {
			isa = PBXGroup;
			children = (
				B4F2855B2540A6C800499F5C /* libfscore */,
			);
			path = include;
			sourceTree = "<group>";
		};
		B4F2855B2540A6C800499F5C /* libfscore */ = {
			isa = PBXGroup;
			children = (
				B4F2855F2540A6C800499F5C /* Error */,
				B4EC412E2543227100B0E081 /* FSC_Common.h */,
				B4F2855D2540A6C800499F5C /* FSC_Card.h */,
				B4F2855C2540A6C800499F5C /* FSC_CardSet.h */,
				B4F2855E2540A6C800499F5C /* FSC_Context.h */,
			);
			path = libfscore;
			sourceTree = "<group>";
		};
		B4F2855F2540A6C800499F5C /* Error */ = {
			isa = PBXGroup;
			children = (
				B4F285602540A6C800499F5C /* FSC_Error.h */,
			);
			path = Error;
			sourceTree = "<group>";
		};
		B4F285612540A6C800499F5C /* lib */ = {
			isa = PBXGroup;
			children = (
				B4F285622540A6C800499F5C /* libfscore.a */,
			);
			path = lib;
			sourceTree = "<group>";
		};
/* End PBXGroup section */

/* Begin PBXNativeTarget section */
		B4E0CE43252FB8DF00005927 /* featherStack */ = {
			isa = PBXNativeTarget;
			buildConfigurationList = B4E0CE53252FB8E200005927 /* Build configuration list for PBXNativeTarget "featherStack" */;
			buildPhases = (
				B4E0CE40252FB8DF00005927 /* Sources */,
				B4E0CE41252FB8DF00005927 /* Frameworks */,
				B4E0CE42252FB8DF00005927 /* Resources */,
				B47500B425500E0200ACD4C7 /* Embed Frameworks */,
			);
			buildRules = (
			);
			dependencies = (
			);
			name = featherStack;
			productName = featherStack;
			productReference = B4E0CE44252FB8DF00005927 /* featherStack.app */;
			productType = "com.apple.product-type.application";
		};
/* End PBXNativeTarget section */

/* Begin PBXProject section */
		B4E0CE3C252FB8DF00005927 /* Project object */ = {
			isa = PBXProject;
			attributes = {
				LastSwiftUpdateCheck = 1200;
				LastUpgradeCheck = 1210;
				TargetAttributes = {
					B4E0CE43252FB8DF00005927 = {
						CreatedOnToolsVersion = 12.0.1;
					};
				};
			};
			buildConfigurationList = B4E0CE3F252FB8DF00005927 /* Build configuration list for PBXProject "featherStack" */;
			compatibilityVersion = "Xcode 9.3";
			developmentRegion = en;
			hasScannedForEncodings = 0;
			knownRegions = (
				en,
				Base,
				de,
			);
			mainGroup = B4E0CE3B252FB8DF00005927;
			productRefGroup = B4E0CE45252FB8DF00005927 /* Products */;
			projectDirPath = "";
			projectRoot = "";
			targets = (
				B4E0CE43252FB8DF00005927 /* featherStack */,
			);
		};
/* End PBXProject section */

/* Begin PBXResourcesBuildPhase section */
		B4E0CE42252FB8DF00005927 /* Resources */ = {
			isa = PBXResourcesBuildPhase;
			buildActionMask = 2147483647;
			files = (
				B4E0CE4F252FB8E200005927 /* Preview Assets.xcassets in Resources */,
				B45642552551AA9B00B57AAA /* LaunchScreen.storyboard in Resources */,
				B47A2F97253125FD00920E42 /* SSettings.strings in Resources */,
				B4E0CE4C252FB8E200005927 /* Assets.xcassets in Resources */,
				B4AE983F25314A9700738C4C /* SSetList.strings in Resources */,
				B47A5B96254CE9E6000C5F18 /* SLicense.strings in Resources */,
				B4A20FB8252FBB69006B5C50 /* SHome.strings in Resources */,
				B411833025338FCE0002EA4A /* SActiveSet.strings in Resources */,
			);
			runOnlyForDeploymentPostprocessing = 0;
		};
/* End PBXResourcesBuildPhase section */

/* Begin PBXSourcesBuildPhase section */
		B4E0CE40252FB8DF00005927 /* Sources */ = {
			isa = PBXSourcesBuildPhase;
			buildActionMask = 2147483647;
			files = (
				B435B8D425339CFE00C2B0A7 /* VCard.swift in Sources */,
				B427A7FE253204950028D0C8 /* VSearchBar.swift in Sources */,
				B453462325323CC0005EC33D /* VSetList.swift in Sources */,
				B47A5BA5254DCE01000C5F18 /* VMSetList.swift in Sources */,
				B4A20FAF252FB955006B5C50 /* VHome.swift in Sources */,
				B413E85A25364B9600B741A2 /* VSettingsVersion.swift in Sources */,
				B4E63CCD25499EF800B53EAD /* VMActiveSet.swift in Sources */,
				B47A5BA1254DBDC0000C5F18 /* MSettingsFile.swift in Sources */,
				B47879412558B17100906791 /* MImport.swift in Sources */,
				B4E0CE48252FB8DF00005927 /* featherStackApp.swift in Sources */,
				B46FE9DE2536379E003D551D /* VSettingsCard.swift in Sources */,
				B411831E253369330002EA4A /* VActiveSet.swift in Sources */,
				B4F2856B2540B07400499F5C /* MContext.swift in Sources */,
				B4D92C53254B909E00C5F122 /* VSetCardsInfo.swift in Sources */,
				B45C0D8825436038007279BC /* MCommon.swift in Sources */,
				B46FE9D8253630C7003D551D /* VSettingsButton.swift in Sources */,
				B47A5B88254CCA9B000C5F18 /* VMSettings.swift in Sources */,
				B4C5B4772530731900457A9E /* VSetInfo.swift in Sources */,
				B4130FD22559899100E1E556 /* VCardTutorial.swift in Sources */,
				B45C0D9225436DA4007279BC /* MCardSet.swift in Sources */,
				B47A5B91254CD3B0000C5F18 /* VSettingsSearch.swift in Sources */,
				B47A5B99254CEACF000C5F18 /* VLicenseApp.swift in Sources */,
				B47A5B9D254CF08A000C5F18 /* VSettingsAbout.swift in Sources */,
				B453462825323D3B005EC33D /* VSettings.swift in Sources */,
				B4750090254F6D8700ACD4C7 /* VSetPicker.swift in Sources */,
				B499EFC02544C9B900B845AC /* MCard.swift in Sources */,
				B475009C254F7B9600ACD4C7 /* VLicenseZip.swift in Sources */,
				B4750098254F7AAC00ACD4C7 /* VSettingsLicense.swift in Sources */,
				B41BD36F2555DA1500F34F56 /* VMCard.swift in Sources */,
			);
			runOnlyForDeploymentPostprocessing = 0;
		};
/* End PBXSourcesBuildPhase section */

/* Begin PBXVariantGroup section */
		B411833225338FCE0002EA4A /* SActiveSet.strings */ = {
			isa = PBXVariantGroup;
			children = (
				B411833125338FCE0002EA4A /* en */,
				B411833425338FD10002EA4A /* de */,
			);
			name = SActiveSet.strings;
			sourceTree = "<group>";
		};
		B47A2F99253125FD00920E42 /* SSettings.strings */ = {
			isa = PBXVariantGroup;
			children = (
				B47A2F98253125FD00920E42 /* en */,
				B47A2F9A2531260200920E42 /* de */,
			);
			name = SSettings.strings;
			sourceTree = "<group>";
		};
		B4A20FBA252FBB69006B5C50 /* SHome.strings */ = {
			isa = PBXVariantGroup;
			children = (
				B4A20FB9252FBB69006B5C50 /* en */,
				B4A20FBC252FBB6C006B5C50 /* de */,
			);
			name = SHome.strings;
			sourceTree = "<group>";
		};
		B4AE984125314A9700738C4C /* SSetList.strings */ = {
			isa = PBXVariantGroup;
			children = (
				B4AE984025314A9700738C4C /* en */,
				B4AE984325314A9C00738C4C /* de */,
			);
			name = SSetList.strings;
			sourceTree = "<group>";
		};
/* End PBXVariantGroup section */

/* Begin XCBuildConfiguration section */
		B4E0CE51252FB8E200005927 /* Debug */ = {
			isa = XCBuildConfiguration;
			buildSettings = {
				ALWAYS_SEARCH_USER_PATHS = NO;
				CLANG_ANALYZER_LOCALIZABILITY_NONLOCALIZED = YES;
				CLANG_ANALYZER_NONNULL = YES;
				CLANG_ANALYZER_NUMBER_OBJECT_CONVERSION = YES_AGGRESSIVE;
				CLANG_CXX_LANGUAGE_STANDARD = "gnu++14";
				CLANG_CXX_LIBRARY = "libc++";
				CLANG_ENABLE_MODULES = YES;
				CLANG_ENABLE_OBJC_ARC = YES;
				CLANG_ENABLE_OBJC_WEAK = YES;
				CLANG_WARN_BLOCK_CAPTURE_AUTORELEASING = YES;
				CLANG_WARN_BOOL_CONVERSION = YES;
				CLANG_WARN_COMMA = YES;
				CLANG_WARN_CONSTANT_CONVERSION = YES;
				CLANG_WARN_DEPRECATED_OBJC_IMPLEMENTATIONS = YES;
				CLANG_WARN_DIRECT_OBJC_ISA_USAGE = YES_ERROR;
				CLANG_WARN_DOCUMENTATION_COMMENTS = YES;
				CLANG_WARN_EMPTY_BODY = YES;
				CLANG_WARN_ENUM_CONVERSION = YES;
				CLANG_WARN_INFINITE_RECURSION = YES;
				CLANG_WARN_INT_CONVERSION = YES;
				CLANG_WARN_NON_LITERAL_NULL_CONVERSION = YES;
				CLANG_WARN_OBJC_IMPLICIT_RETAIN_SELF = YES;
				CLANG_WARN_OBJC_LITERAL_CONVERSION = YES;
				CLANG_WARN_OBJC_ROOT_CLASS = YES_ERROR;
				CLANG_WARN_QUOTED_INCLUDE_IN_FRAMEWORK_HEADER = YES;
				CLANG_WARN_RANGE_LOOP_ANALYSIS = YES;
				CLANG_WARN_STRICT_PROTOTYPES = YES;
				CLANG_WARN_SUSPICIOUS_MOVE = YES;
				CLANG_WARN_UNGUARDED_AVAILABILITY = YES_AGGRESSIVE;
				CLANG_WARN_UNREACHABLE_CODE = YES;
				CLANG_WARN__DUPLICATE_METHOD_MATCH = YES;
				COPY_PHASE_STRIP = NO;
				DEBUG_INFORMATION_FORMAT = dwarf;
				ENABLE_STRICT_OBJC_MSGSEND = YES;
				ENABLE_TESTABILITY = YES;
				GCC_C_LANGUAGE_STANDARD = gnu11;
				GCC_DYNAMIC_NO_PIC = NO;
				GCC_NO_COMMON_BLOCKS = YES;
				GCC_OPTIMIZATION_LEVEL = 0;
				GCC_PREPROCESSOR_DEFINITIONS = (
					"DEBUG=1",
					"$(inherited)",
				);
				GCC_WARN_64_TO_32_BIT_CONVERSION = YES;
				GCC_WARN_ABOUT_RETURN_TYPE = YES_ERROR;
				GCC_WARN_UNDECLARED_SELECTOR = YES;
				GCC_WARN_UNINITIALIZED_AUTOS = YES_AGGRESSIVE;
				GCC_WARN_UNUSED_FUNCTION = YES;
				GCC_WARN_UNUSED_VARIABLE = YES;
				IPHONEOS_DEPLOYMENT_TARGET = 14.0;
				MTL_ENABLE_DEBUG_INFO = INCLUDE_SOURCE;
				MTL_FAST_MATH = YES;
				ONLY_ACTIVE_ARCH = YES;
				SDKROOT = iphoneos;
				SWIFT_ACTIVE_COMPILATION_CONDITIONS = DEBUG;
				SWIFT_OPTIMIZATION_LEVEL = "-Onone";
			};
			name = Debug;
		};
		B4E0CE52252FB8E200005927 /* Release */ = {
			isa = XCBuildConfiguration;
			buildSettings = {
				ALWAYS_SEARCH_USER_PATHS = NO;
				CLANG_ANALYZER_LOCALIZABILITY_NONLOCALIZED = YES;
				CLANG_ANALYZER_NONNULL = YES;
				CLANG_ANALYZER_NUMBER_OBJECT_CONVERSION = YES_AGGRESSIVE;
				CLANG_CXX_LANGUAGE_STANDARD = "gnu++14";
				CLANG_CXX_LIBRARY = "libc++";
				CLANG_ENABLE_MODULES = YES;
				CLANG_ENABLE_OBJC_ARC = YES;
				CLANG_ENABLE_OBJC_WEAK = YES;
				CLANG_WARN_BLOCK_CAPTURE_AUTORELEASING = YES;
				CLANG_WARN_BOOL_CONVERSION = YES;
				CLANG_WARN_COMMA = YES;
				CLANG_WARN_CONSTANT_CONVERSION = YES;
				CLANG_WARN_DEPRECATED_OBJC_IMPLEMENTATIONS = YES;
				CLANG_WARN_DIRECT_OBJC_ISA_USAGE = YES_ERROR;
				CLANG_WARN_DOCUMENTATION_COMMENTS = YES;
				CLANG_WARN_EMPTY_BODY = YES;
				CLANG_WARN_ENUM_CONVERSION = YES;
				CLANG_WARN_INFINITE_RECURSION = YES;
				CLANG_WARN_INT_CONVERSION = YES;
				CLANG_WARN_NON_LITERAL_NULL_CONVERSION = YES;
				CLANG_WARN_OBJC_IMPLICIT_RETAIN_SELF = YES;
				CLANG_WARN_OBJC_LITERAL_CONVERSION = YES;
				CLANG_WARN_OBJC_ROOT_CLASS = YES_ERROR;
				CLANG_WARN_QUOTED_INCLUDE_IN_FRAMEWORK_HEADER = YES;
				CLANG_WARN_RANGE_LOOP_ANALYSIS = YES;
				CLANG_WARN_STRICT_PROTOTYPES = YES;
				CLANG_WARN_SUSPICIOUS_MOVE = YES;
				CLANG_WARN_UNGUARDED_AVAILABILITY = YES_AGGRESSIVE;
				CLANG_WARN_UNREACHABLE_CODE = YES;
				CLANG_WARN__DUPLICATE_METHOD_MATCH = YES;
				COPY_PHASE_STRIP = NO;
				DEBUG_INFORMATION_FORMAT = "dwarf-with-dsym";
				ENABLE_NS_ASSERTIONS = NO;
				ENABLE_STRICT_OBJC_MSGSEND = YES;
				GCC_C_LANGUAGE_STANDARD = gnu11;
				GCC_NO_COMMON_BLOCKS = YES;
				GCC_WARN_64_TO_32_BIT_CONVERSION = YES;
				GCC_WARN_ABOUT_RETURN_TYPE = YES_ERROR;
				GCC_WARN_UNDECLARED_SELECTOR = YES;
				GCC_WARN_UNINITIALIZED_AUTOS = YES_AGGRESSIVE;
				GCC_WARN_UNUSED_FUNCTION = YES;
				GCC_WARN_UNUSED_VARIABLE = YES;
				IPHONEOS_DEPLOYMENT_TARGET = 14.0;
				MTL_ENABLE_DEBUG_INFO = NO;
				MTL_FAST_MATH = YES;
				SDKROOT = iphoneos;
				SWIFT_COMPILATION_MODE = wholemodule;
				SWIFT_OPTIMIZATION_LEVEL = "-O";
				VALIDATE_PRODUCT = YES;
			};
			name = Release;
		};
		B4E0CE54252FB8E200005927 /* Debug */ = {
			isa = XCBuildConfiguration;
			buildSettings = {
				ALWAYS_SEARCH_USER_PATHS = NO;
				ASSETCATALOG_COMPILER_APPICON_NAME = AppIcon;
				ASSETCATALOG_COMPILER_GLOBAL_ACCENT_COLOR_NAME = AccentColor;
				CODE_SIGN_ENTITLEMENTS = featherStack/featherStack.entitlements;
				CODE_SIGN_STYLE = Automatic;
				CURRENT_PROJECT_VERSION = 216;
				DEVELOPMENT_ASSET_PATHS = "\"featherStack/Preview Content\"";
				DEVELOPMENT_TEAM = "";
				ENABLE_PREVIEWS = YES;
				FRAMEWORK_SEARCH_PATHS = "$(PROJECT_DIR)/frameworks";
				HEADER_SEARCH_PATHS = "\"$(PROJECT_DIR)/include\"";
				INFOPLIST_FILE = featherStack/Info.plist;
				IPHONEOS_DEPLOYMENT_TARGET = 14.1;
				LD_RUNPATH_SEARCH_PATHS = (
					"$(inherited)",
					"@executable_path/Frameworks",
				);
				LIBRARY_SEARCH_PATHS = "\"$(PROJECT_DIR)/lib\"";
				MARKETING_VERSION = 1.2;
				PRODUCT_BUNDLE_IDENTIFIER = de.jens.broerken.featherStack;
				PRODUCT_NAME = "$(TARGET_NAME)";
				SWIFT_OBJC_BRIDGING_HEADER = "./featherStack/featherStack-Bridging-Header.h";
				SWIFT_VERSION = 5.0;
				TARGETED_DEVICE_FAMILY = 1;
			};
			name = Debug;
		};
		B4E0CE55252FB8E200005927 /* Release */ = {
			isa = XCBuildConfiguration;
			buildSettings = {
				ALWAYS_SEARCH_USER_PATHS = NO;
				ASSETCATALOG_COMPILER_APPICON_NAME = AppIcon;
				ASSETCATALOG_COMPILER_GLOBAL_ACCENT_COLOR_NAME = AccentColor;
				CODE_SIGN_ENTITLEMENTS = featherStack/featherStack.entitlements;
				CODE_SIGN_STYLE = Automatic;
				CURRENT_PROJECT_VERSION = 216;
				DEVELOPMENT_ASSET_PATHS = "\"featherStack/Preview Content\"";
				DEVELOPMENT_TEAM = "";
				ENABLE_PREVIEWS = YES;
				EXCLUDED_ARCHS = "";
				FRAMEWORK_SEARCH_PATHS = "$(PROJECT_DIR)/frameworks";
				HEADER_SEARCH_PATHS = "\"$(PROJECT_DIR)/include\"";
				INFOPLIST_FILE = featherStack/Info.plist;
				IPHONEOS_DEPLOYMENT_TARGET = 14.1;
				LD_RUNPATH_SEARCH_PATHS = (
					"$(inherited)",
					"@executable_path/Frameworks",
				);
				LIBRARY_SEARCH_PATHS = "\"$(PROJECT_DIR)/lib\"";
				MARKETING_VERSION = 1.2;
				PRODUCT_BUNDLE_IDENTIFIER = de.jens.broerken.featherStack;
				PRODUCT_NAME = "$(TARGET_NAME)";
				SWIFT_OBJC_BRIDGING_HEADER = "./featherStack/featherStack-Bridging-Header.h";
				SWIFT_VERSION = 5.0;
				TARGETED_DEVICE_FAMILY = 1;
			};
			name = Release;
		};
/* End XCBuildConfiguration section */

/* Begin XCConfigurationList section */
		B4E0CE3F252FB8DF00005927 /* Build configuration list for PBXProject "featherStack" */ = {
			isa = XCConfigurationList;
			buildConfigurations = (
				B4E0CE51252FB8E200005927 /* Debug */,
				B4E0CE52252FB8E200005927 /* Release */,
			);
			defaultConfigurationIsVisible = 0;
			defaultConfigurationName = Release;
		};
		B4E0CE53252FB8E200005927 /* Build configuration list for PBXNativeTarget "featherStack" */ = {
			isa = XCConfigurationList;
			buildConfigurations = (
				B4E0CE54252FB8E200005927 /* Debug */,
				B4E0CE55252FB8E200005927 /* Release */,
			);
			defaultConfigurationIsVisible = 0;
			defaultConfigurationName = Release;
		};
/* End XCConfigurationList section */
	};
	rootObject = B4E0CE3C252FB8DF00005927 /* Project object */;
}
